
Microsoft Visual Studio Solution File, Format Version 12.00
# Visual Studio Version 16
VisualStudioVersion = 16.0.30114.128
MinimumVisualStudioVersion = 10.0.40219.1
Project("{9A19103F-16F7-4668-BE54-9A1E7A4F7556}") = "BlazorMovies.Server", "BlazorMovies\Server\BlazorMovies.Server.csproj", "{D6BA89A0-7842-4451-8943-D103DDF3B0C8}"
EndProject
Project("{9A19103F-16F7-4668-BE54-9A1E7A4F7556}") = "BlazorMovies.Client", "BlazorMovies\Client\BlazorMovies.Client.csproj", "{4BCF342A-A094-43A3-918C-B5E6662A8E4A}"
EndProject
Project("{9A19103F-16F7-4668-BE54-9A1E7A4F7556}") = "BlazorMovies.Shared", "BlazorMovies\Shared\BlazorMovies.Shared.csproj", "{6BCA9AD7-5561-441B-BF66-E6F77D0ACEE8}"
EndProject
Global
	GlobalSection(SolutionConfigurationPlatforms) = preSolution
		Debug|Any CPU = Debug|Any CPU
		Release|Any CPU = Release|Any CPU
	EndGlobalSection
	GlobalSection(ProjectConfigurationPlatforms) = postSolution
		{D6BA89A0-7842-4451-8943-D103DDF3B0C8}.Debug|Any CPU.ActiveCfg = Debug|Any CPU
		{D6BA89A0-7842-4451-8943-D103DDF3B0C8}.Debug|Any CPU.Build.0 = Debug|Any CPU
		{D6BA89A0-7842-4451-8943-D103DDF3B0C8}.Release|Any CPU.ActiveCfg = Release|Any CPU
		{D6BA89A0-7842-4451-8943-D103DDF3B0C8}.Release|Any CPU.Build.0 = Release|Any CPU
		{4BCF342A-A094-43A3-918C-B5E6662A8E4A}.Debug|Any CPU.ActiveCfg = Debug|Any CPU
		{4BCF342A-A094-43A3-918C-B5E6662A8E4A}.Debug|Any CPU.Build.0 = Debug|Any CPU
		{4BCF342A-A094-43A3-918C-B5E6662A8E4A}.Release|Any CPU.ActiveCfg = Release|Any CPU
		{4BCF342A-A094-43A3-918C-B5E6662A8E4A}.Release|Any CPU.Build.0 = Release|Any CPU
		{6BCA9AD7-5561-441B-BF66-E6F77D0ACEE8}.Debug|Any CPU.ActiveCfg = Debug|Any CPU
		{6BCA9AD7-5561-441B-BF66-E6F77D0ACEE8}.Debug|Any CPU.Build.0 = Debug|Any CPU
		{6BCA9AD7-5561-441B-BF66-E6F77D0ACEE8}.Release|Any CPU.ActiveCfg = Release|Any CPU
		{6BCA9AD7-5561-441B-BF66-E6F77D0ACEE8}.Release|Any CPU.Build.0 = Release|Any CPU
	EndGlobalSection
	GlobalSection(SolutionProperties) = preSolution
		HideSolutionNode = FALSE
	EndGlobalSection
	GlobalSection(ExtensibilityGlobals) = postSolution
		SolutionGuid = {E552750E-47BF-41C0-8CDF-C1553C769460}
	EndGlobalSection
EndGlobal
